
Microsoft Visual Studio Solution File, Format Version 12.00
# Visual Studio Version 17
VisualStudioVersion = 17.6.33829.357
MinimumVisualStudioVersion = 10.0.40219.1
Project("{9A19103F-16F7-4668-BE54-9A1E7A4F7556}") = "Tracker", "Tracker\Tracker.csproj", "{582C5EA6-C407-4223-B041-63A801B4DE16}"
EndProject
Global
	GlobalSection(SolutionConfigurationPlatforms) = preSolution
		Debug|Any CPU = Debug|Any CPU
		Release|Any CPU = Release|Any CPU
	EndGlobalSection
	GlobalSection(ProjectConfigurationPlatforms) = postSolution
		{582C5EA6-C407-4223-B041-63A801B4DE16}.Debug|Any CPU.ActiveCfg = Debug|Any CPU
		{582C5EA6-C407-4223-B041-63A801B4DE16}.Debug|Any CPU.Build.0 = Debug|Any CPU
		{582C5EA6-C407-4223-B041-63A801B4DE16}.Release|Any CPU.ActiveCfg = Release|Any CPU
		{582C5EA6-C407-4223-B041-63A801B4DE16}.Release|Any CPU.Build.0 = Release|Any CPU
	EndGlobalSection
	GlobalSection(SolutionProperties) = preSolution
		HideSolutionNode = FALSE
	EndGlobalSection
	GlobalSection(ExtensibilityGlobals) = postSolution
		SolutionGuid = {0AF214A4-1356-4849-B513-8DBF23FECFE6}
	EndGlobalSection
EndGlobal
